
Microsoft Visual Studio Solution File, Format Version 12.00
# Visual Studio Version 17
VisualStudioVersion = 17.14.36327.8 d17.14
MinimumVisualStudioVersion = 10.0.40219.1
Project("{54A90642-561A-4BB1-A94E-469ADEE60C69}") = "starwarsshipsbff.client", "starwarsshipsbff.client\starwarsshipsbff.client.esproj", "{A84F9C12-7DB1-C61B-7562-C97B9ED92ABC}"
EndProject
Project("{FAE04EC0-301F-11D3-BF4B-00C04F79EFBC}") = "StarWarsShipsBFF.Server", "StarWarsShipsBFF.Server\StarWarsShipsBFF.Server.csproj", "{A080AE4A-DBCD-4347-9C27-A1A849A894BF}"
EndProject
Global
	GlobalSection(SolutionConfigurationPlatforms) = preSolution
		Debug|Any CPU = Debug|Any CPU
		Release|Any CPU = Release|Any CPU
	EndGlobalSection
	GlobalSection(ProjectConfigurationPlatforms) = postSolution
		{A84F9C12-7DB1-C61B-7562-C97B9ED92ABC}.Debug|Any CPU.ActiveCfg = Debug|Any CPU
		{A84F9C12-7DB1-C61B-7562-C97B9ED92ABC}.Debug|Any CPU.Build.0 = Debug|Any CPU
		{A84F9C12-7DB1-C61B-7562-C97B9ED92ABC}.Debug|Any CPU.Deploy.0 = Debug|Any CPU
		{A84F9C12-7DB1-C61B-7562-C97B9ED92ABC}.Release|Any CPU.ActiveCfg = Release|Any CPU
		{A84F9C12-7DB1-C61B-7562-C97B9ED92ABC}.Release|Any CPU.Build.0 = Release|Any CPU
		{A84F9C12-7DB1-C61B-7562-C97B9ED92ABC}.Release|Any CPU.Deploy.0 = Release|Any CPU
		{A080AE4A-DBCD-4347-9C27-A1A849A894BF}.Debug|Any CPU.ActiveCfg = Debug|Any CPU
		{A080AE4A-DBCD-4347-9C27-A1A849A894BF}.Debug|Any CPU.Build.0 = Debug|Any CPU
		{A080AE4A-DBCD-4347-9C27-A1A849A894BF}.Release|Any CPU.ActiveCfg = Release|Any CPU
		{A080AE4A-DBCD-4347-9C27-A1A849A894BF}.Release|Any CPU.Build.0 = Release|Any CPU
	EndGlobalSection
	GlobalSection(SolutionProperties) = preSolution
		HideSolutionNode = FALSE
	EndGlobalSection
	GlobalSection(ExtensibilityGlobals) = postSolution
		SolutionGuid = {E8245D01-91F2-49D9-BDBC-023A94F26C12}
	EndGlobalSection
EndGlobal
